
Microsoft Visual Studio Solution File, Format Version 12.00
# Visual Studio Version 17
VisualStudioVersion = 17.7.34031.279
MinimumVisualStudioVersion = 10.0.40219.1
Project("{FAE04EC0-301F-11D3-BF4B-00C04F79EFBC}") = "HomeWork_0001", "HomeWork_0001\HomeWork_0001.csproj", "{3237C2D8-6844-443C-A1FF-98B53BC4F301}"
EndProject
Global
	GlobalSection(SolutionConfigurationPlatforms) = preSolution
		Debug|Any CPU = Debug|Any CPU
		Release|Any CPU = Release|Any CPU
	EndGlobalSection
	GlobalSection(ProjectConfigurationPlatforms) = postSolution
		{3237C2D8-6844-443C-A1FF-98B53BC4F301}.Debug|Any CPU.ActiveCfg = Debug|Any CPU
		{3237C2D8-6844-443C-A1FF-98B53BC4F301}.Debug|Any CPU.Build.0 = Debug|Any CPU
		{3237C2D8-6844-443C-A1FF-98B53BC4F301}.Release|Any CPU.ActiveCfg = Release|Any CPU
		{3237C2D8-6844-443C-A1FF-98B53BC4F301}.Release|Any CPU.Build.0 = Release|Any CPU
	EndGlobalSection
	GlobalSection(SolutionProperties) = preSolution
		HideSolutionNode = FALSE
	EndGlobalSection
	GlobalSection(ExtensibilityGlobals) = postSolution
		SolutionGuid = {FB79B5D6-8163-4DED-B765-9EC9E15293FB}
	EndGlobalSection
EndGlobal
